
Microsoft Visual Studio Solution File, Format Version 12.00
# Visual Studio Version 17
VisualStudioVersion = 17.5.002.0
MinimumVisualStudioVersion = 10.0.40219.1
Project("{9A19103F-16F7-4668-BE54-9A1E7A4F7556}") = "SQL-C# Connection", "SQL-C# Connection.csproj", "{0CFFA5FF-FEB9-4A10-969E-F2C6ADFBA991}"
EndProject
Global
	GlobalSection(SolutionConfigurationPlatforms) = preSolution
		Debug|Any CPU = Debug|Any CPU
		Release|Any CPU = Release|Any CPU
	EndGlobalSection
	GlobalSection(ProjectConfigurationPlatforms) = postSolution
		{0CFFA5FF-FEB9-4A10-969E-F2C6ADFBA991}.Debug|Any CPU.ActiveCfg = Debug|Any CPU
		{0CFFA5FF-FEB9-4A10-969E-F2C6ADFBA991}.Debug|Any CPU.Build.0 = Debug|Any CPU
		{0CFFA5FF-FEB9-4A10-969E-F2C6ADFBA991}.Release|Any CPU.ActiveCfg = Release|Any CPU
		{0CFFA5FF-FEB9-4A10-969E-F2C6ADFBA991}.Release|Any CPU.Build.0 = Release|Any CPU
	EndGlobalSection
	GlobalSection(SolutionProperties) = preSolution
		HideSolutionNode = FALSE
	EndGlobalSection
	GlobalSection(ExtensibilityGlobals) = postSolution
		SolutionGuid = {837FDD97-6306-4E93-BAB0-E4711C2A139E}
	EndGlobalSection
EndGlobal
